
Microsoft Visual Studio Solution File, Format Version 12.00
# Visual Studio Version 17
VisualStudioVersion = 17.13.35913.81 d17.13
MinimumVisualStudioVersion = 10.0.40219.1
Project("{FAE04EC0-301F-11D3-BF4B-00C04F79EFBC}") = "WorkerActivity", "WorkerActivity\WorkerActivity.csproj", "{302DD646-1F5F-4440-8A5D-C386C7DED950}"
EndProject
Global
	GlobalSection(SolutionConfigurationPlatforms) = preSolution
		Debug|Any CPU = Debug|Any CPU
		Release|Any CPU = Release|Any CPU
	EndGlobalSection
	GlobalSection(ProjectConfigurationPlatforms) = postSolution
		{302DD646-1F5F-4440-8A5D-C386C7DED950}.Debug|Any CPU.ActiveCfg = Debug|Any CPU
		{302DD646-1F5F-4440-8A5D-C386C7DED950}.Debug|Any CPU.Build.0 = Debug|Any CPU
		{302DD646-1F5F-4440-8A5D-C386C7DED950}.Release|Any CPU.ActiveCfg = Release|Any CPU
		{302DD646-1F5F-4440-8A5D-C386C7DED950}.Release|Any CPU.Build.0 = Release|Any CPU
	EndGlobalSection
	GlobalSection(SolutionProperties) = preSolution
		HideSolutionNode = FALSE
	EndGlobalSection
	GlobalSection(ExtensibilityGlobals) = postSolution
		SolutionGuid = {D1A079B6-A2E6-4DF4-A709-E0806E7A7A5D}
	EndGlobalSection
EndGlobal
