
Microsoft Visual Studio Solution File, Format Version 12.00
# Visual Studio Version 17
VisualStudioVersion = 17.13.35913.81 d17.13
MinimumVisualStudioVersion = 10.0.40219.1
Project("{FAE04EC0-301F-11D3-BF4B-00C04F79EFBC}") = "OperadoresAritmeticos", "OperadoresAritmeticos\OperadoresAritmeticos.csproj", "{701FF473-4D54-4A8A-90F5-76A1B51FB093}"
EndProject
Global
	GlobalSection(SolutionConfigurationPlatforms) = preSolution
		Debug|Any CPU = Debug|Any CPU
		Release|Any CPU = Release|Any CPU
	EndGlobalSection
	GlobalSection(ProjectConfigurationPlatforms) = postSolution
		{701FF473-4D54-4A8A-90F5-76A1B51FB093}.Debug|Any CPU.ActiveCfg = Debug|Any CPU
		{701FF473-4D54-4A8A-90F5-76A1B51FB093}.Debug|Any CPU.Build.0 = Debug|Any CPU
		{701FF473-4D54-4A8A-90F5-76A1B51FB093}.Release|Any CPU.ActiveCfg = Release|Any CPU
		{701FF473-4D54-4A8A-90F5-76A1B51FB093}.Release|Any CPU.Build.0 = Release|Any CPU
	EndGlobalSection
	GlobalSection(SolutionProperties) = preSolution
		HideSolutionNode = FALSE
	EndGlobalSection
	GlobalSection(ExtensibilityGlobals) = postSolution
		SolutionGuid = {250DD872-C289-4064-97E9-2118F4A66EDC}
	EndGlobalSection
EndGlobal
