
Microsoft Visual Studio Solution File, Format Version 12.00
# Visual Studio Version 17
VisualStudioVersion = 17.13.35913.81 d17.13
MinimumVisualStudioVersion = 10.0.40219.1
Project("{FAE04EC0-301F-11D3-BF4B-00C04F79EFBC}") = "ControleEstoque", "ControleEstoque\ControleEstoque.csproj", "{48EA1B46-1559-4D2B-BBF5-BF4B794FCB72}"
EndProject
Global
	GlobalSection(SolutionConfigurationPlatforms) = preSolution
		Debug|Any CPU = Debug|Any CPU
		Release|Any CPU = Release|Any CPU
	EndGlobalSection
	GlobalSection(ProjectConfigurationPlatforms) = postSolution
		{48EA1B46-1559-4D2B-BBF5-BF4B794FCB72}.Debug|Any CPU.ActiveCfg = Debug|Any CPU
		{48EA1B46-1559-4D2B-BBF5-BF4B794FCB72}.Debug|Any CPU.Build.0 = Debug|Any CPU
		{48EA1B46-1559-4D2B-BBF5-BF4B794FCB72}.Release|Any CPU.ActiveCfg = Release|Any CPU
		{48EA1B46-1559-4D2B-BBF5-BF4B794FCB72}.Release|Any CPU.Build.0 = Release|Any CPU
	EndGlobalSection
	GlobalSection(SolutionProperties) = preSolution
		HideSolutionNode = FALSE
	EndGlobalSection
	GlobalSection(ExtensibilityGlobals) = postSolution
		SolutionGuid = {08E0D794-DCD0-4120-9C99-7D401D814D66}
	EndGlobalSection
EndGlobal
