
Microsoft Visual Studio Solution File, Format Version 12.00
# Visual Studio Version 17
VisualStudioVersion = 17.13.35913.81 d17.13
MinimumVisualStudioVersion = 10.0.40219.1
Project("{FAE04EC0-301F-11D3-BF4B-00C04F79EFBC}") = "PlaceholderConcatInterpolacao", "PlaceholderConcatInterpolacao\PlaceholderConcatInterpolacao.csproj", "{9280AAF4-ADCC-4D61-9E21-44A6BE39559D}"
EndProject
Global
	GlobalSection(SolutionConfigurationPlatforms) = preSolution
		Debug|Any CPU = Debug|Any CPU
		Release|Any CPU = Release|Any CPU
	EndGlobalSection
	GlobalSection(ProjectConfigurationPlatforms) = postSolution
		{9280AAF4-ADCC-4D61-9E21-44A6BE39559D}.Debug|Any CPU.ActiveCfg = Debug|Any CPU
		{9280AAF4-ADCC-4D61-9E21-44A6BE39559D}.Debug|Any CPU.Build.0 = Debug|Any CPU
		{9280AAF4-ADCC-4D61-9E21-44A6BE39559D}.Release|Any CPU.ActiveCfg = Release|Any CPU
		{9280AAF4-ADCC-4D61-9E21-44A6BE39559D}.Release|Any CPU.Build.0 = Release|Any CPU
	EndGlobalSection
	GlobalSection(SolutionProperties) = preSolution
		HideSolutionNode = FALSE
	EndGlobalSection
	GlobalSection(ExtensibilityGlobals) = postSolution
		SolutionGuid = {7D54ACA6-B4AC-4375-8F11-2B56DBEDA296}
	EndGlobalSection
EndGlobal
