
Microsoft Visual Studio Solution File, Format Version 12.00
# Visual Studio Version 17
VisualStudioVersion = 17.14.36127.28 d17.14
MinimumVisualStudioVersion = 10.0.40219.1
Project("{FAE04EC0-301F-11D3-BF4B-00C04F79EFBC}") = "Payroll", "Payroll\Payroll.csproj", "{5AED9A56-760A-4E63-B769-8EB5E6F71435}"
EndProject
Global
	GlobalSection(SolutionConfigurationPlatforms) = preSolution
		Debug|Any CPU = Debug|Any CPU
		Release|Any CPU = Release|Any CPU
	EndGlobalSection
	GlobalSection(ProjectConfigurationPlatforms) = postSolution
		{5AED9A56-760A-4E63-B769-8EB5E6F71435}.Debug|Any CPU.ActiveCfg = Debug|Any CPU
		{5AED9A56-760A-4E63-B769-8EB5E6F71435}.Debug|Any CPU.Build.0 = Debug|Any CPU
		{5AED9A56-760A-4E63-B769-8EB5E6F71435}.Release|Any CPU.ActiveCfg = Release|Any CPU
		{5AED9A56-760A-4E63-B769-8EB5E6F71435}.Release|Any CPU.Build.0 = Release|Any CPU
	EndGlobalSection
	GlobalSection(SolutionProperties) = preSolution
		HideSolutionNode = FALSE
	EndGlobalSection
	GlobalSection(ExtensibilityGlobals) = postSolution
		SolutionGuid = {1D6E2621-05FA-4CFA-959A-DD517D939246}
	EndGlobalSection
EndGlobal
