
Microsoft Visual Studio Solution File, Format Version 12.00
# Visual Studio Version 17
VisualStudioVersion = 17.14.36127.28 d17.14
MinimumVisualStudioVersion = 10.0.40219.1
Project("{FAE04EC0-301F-11D3-BF4B-00C04F79EFBC}") = "Products", "Products\Products.csproj", "{C1080988-8B3D-4C5B-8D45-0ECB97DFDC7A}"
EndProject
Global
	GlobalSection(SolutionConfigurationPlatforms) = preSolution
		Debug|Any CPU = Debug|Any CPU
		Release|Any CPU = Release|Any CPU
	EndGlobalSection
	GlobalSection(ProjectConfigurationPlatforms) = postSolution
		{C1080988-8B3D-4C5B-8D45-0ECB97DFDC7A}.Debug|Any CPU.ActiveCfg = Debug|Any CPU
		{C1080988-8B3D-4C5B-8D45-0ECB97DFDC7A}.Debug|Any CPU.Build.0 = Debug|Any CPU
		{C1080988-8B3D-4C5B-8D45-0ECB97DFDC7A}.Release|Any CPU.ActiveCfg = Release|Any CPU
		{C1080988-8B3D-4C5B-8D45-0ECB97DFDC7A}.Release|Any CPU.Build.0 = Release|Any CPU
	EndGlobalSection
	GlobalSection(SolutionProperties) = preSolution
		HideSolutionNode = FALSE
	EndGlobalSection
	GlobalSection(ExtensibilityGlobals) = postSolution
		SolutionGuid = {AAFA59E1-F693-4A2D-9196-C60CD89019BF}
	EndGlobalSection
EndGlobal
