
Microsoft Visual Studio Solution File, Format Version 12.00
# Visual Studio Version 17
VisualStudioVersion = 17.14.36127.28 d17.14
MinimumVisualStudioVersion = 10.0.40219.1
Project("{FAE04EC0-301F-11D3-BF4B-00C04F79EFBC}") = "MaetodosAbstratus", "MaetodosAbstratus\MaetodosAbstratus.csproj", "{68C6F931-772A-4C2B-9820-0CD763AC5A1C}"
EndProject
Global
	GlobalSection(SolutionConfigurationPlatforms) = preSolution
		Debug|Any CPU = Debug|Any CPU
		Release|Any CPU = Release|Any CPU
	EndGlobalSection
	GlobalSection(ProjectConfigurationPlatforms) = postSolution
		{68C6F931-772A-4C2B-9820-0CD763AC5A1C}.Debug|Any CPU.ActiveCfg = Debug|Any CPU
		{68C6F931-772A-4C2B-9820-0CD763AC5A1C}.Debug|Any CPU.Build.0 = Debug|Any CPU
		{68C6F931-772A-4C2B-9820-0CD763AC5A1C}.Release|Any CPU.ActiveCfg = Release|Any CPU
		{68C6F931-772A-4C2B-9820-0CD763AC5A1C}.Release|Any CPU.Build.0 = Release|Any CPU
	EndGlobalSection
	GlobalSection(SolutionProperties) = preSolution
		HideSolutionNode = FALSE
	EndGlobalSection
	GlobalSection(ExtensibilityGlobals) = postSolution
		SolutionGuid = {489E40CC-50BF-4613-89B2-4EE73A0995EA}
	EndGlobalSection
EndGlobal
